
Microsoft Visual Studio Solution File, Format Version 12.00
# Visual Studio Version 16
VisualStudioVersion = 16.0.28803.352
MinimumVisualStudioVersion = 10.0.40219.1
Project("{8BC9CEB8-8B4A-11D0-8D11-00A0C91BC942}") = "p06", "week07\week07.vcxproj", "{CA541658-22A9-47B1-9FEC-E4409ADA08BC}"
EndProject
Project("{8BC9CEB8-8B4A-11D0-8D11-00A0C91BC942}") = "p10", "p10\p10.vcxproj", "{77EC1BE9-683B-47E0-AFD0-1A21B5D92AC0}"
EndProject
Project("{8BC9CEB8-8B4A-11D0-8D11-00A0C91BC942}") = "p12", "p12\p12.vcxproj", "{4EF361E6-E198-49AA-ACDD-38D67B78A0A7}"
EndProject
Project("{8BC9CEB8-8B4A-11D0-8D11-00A0C91BC942}") = "w04", "w04\w04.vcxproj", "{B9709C6E-6D67-4D61-9688-C81F19875FBB}"
EndProject
Project("{8BC9CEB8-8B4A-11D0-8D11-00A0C91BC942}") = "w06", "w06\w06.vcxproj", "{4A500640-85EE-4418-9555-6633AA1D98E8}"
EndProject
Project("{8BC9CEB8-8B4A-11D0-8D11-00A0C91BC942}") = "w08", "w08\w08.vcxproj", "{08A1A167-7950-49B8-80C1-95D2A662CD15}"
EndProject
Project("{8BC9CEB8-8B4A-11D0-8D11-00A0C91BC942}") = "w11", "w11\w11.vcxproj", "{B8C2F932-92C2-4D1B-AC87-3C0ED70112B3}"
EndProject
Project("{8BC9CEB8-8B4A-11D0-8D11-00A0C91BC942}") = "w12", "w12\w12.vcxproj", "{303E2C33-72D7-43A6-9F22-17396CC0F6D7}"
EndProject
Global
	GlobalSection(SolutionConfigurationPlatforms) = preSolution
		Debug|x64 = Debug|x64
		Debug|x86 = Debug|x86
		Release|x64 = Release|x64
		Release|x86 = Release|x86
	EndGlobalSection
	GlobalSection(ProjectConfigurationPlatforms) = postSolution
		{CA541658-22A9-47B1-9FEC-E4409ADA08BC}.Debug|x64.ActiveCfg = Debug|x64
		{CA541658-22A9-47B1-9FEC-E4409ADA08BC}.Debug|x64.Build.0 = Debug|x64
		{CA541658-22A9-47B1-9FEC-E4409ADA08BC}.Debug|x86.ActiveCfg = Debug|Win32
		{CA541658-22A9-47B1-9FEC-E4409ADA08BC}.Debug|x86.Build.0 = Debug|Win32
		{CA541658-22A9-47B1-9FEC-E4409ADA08BC}.Release|x64.ActiveCfg = Release|x64
		{CA541658-22A9-47B1-9FEC-E4409ADA08BC}.Release|x64.Build.0 = Release|x64
		{CA541658-22A9-47B1-9FEC-E4409ADA08BC}.Release|x86.ActiveCfg = Release|Win32
		{CA541658-22A9-47B1-9FEC-E4409ADA08BC}.Release|x86.Build.0 = Release|Win32
		{77EC1BE9-683B-47E0-AFD0-1A21B5D92AC0}.Debug|x64.ActiveCfg = Debug|x64
		{77EC1BE9-683B-47E0-AFD0-1A21B5D92AC0}.Debug|x64.Build.0 = Debug|x64
		{77EC1BE9-683B-47E0-AFD0-1A21B5D92AC0}.Debug|x86.ActiveCfg = Debug|Win32
		{77EC1BE9-683B-47E0-AFD0-1A21B5D92AC0}.Debug|x86.Build.0 = Debug|Win32
		{77EC1BE9-683B-47E0-AFD0-1A21B5D92AC0}.Release|x64.ActiveCfg = Release|x64
		{77EC1BE9-683B-47E0-AFD0-1A21B5D92AC0}.Release|x64.Build.0 = Release|x64
		{77EC1BE9-683B-47E0-AFD0-1A21B5D92AC0}.Release|x86.ActiveCfg = Release|Win32
		{77EC1BE9-683B-47E0-AFD0-1A21B5D92AC0}.Release|x86.Build.0 = Release|Win32
		{4EF361E6-E198-49AA-ACDD-38D67B78A0A7}.Debug|x64.ActiveCfg = Debug|x64
		{4EF361E6-E198-49AA-ACDD-38D67B78A0A7}.Debug|x64.Build.0 = Debug|x64
		{4EF361E6-E198-49AA-ACDD-38D67B78A0A7}.Debug|x86.ActiveCfg = Debug|Win32
		{4EF361E6-E198-49AA-ACDD-38D67B78A0A7}.Debug|x86.Build.0 = Debug|Win32
		{4EF361E6-E198-49AA-ACDD-38D67B78A0A7}.Release|x64.ActiveCfg = Release|x64
		{4EF361E6-E198-49AA-ACDD-38D67B78A0A7}.Release|x64.Build.0 = Release|x64
		{4EF361E6-E198-49AA-ACDD-38D67B78A0A7}.Release|x86.ActiveCfg = Release|Win32
		{4EF361E6-E198-49AA-ACDD-38D67B78A0A7}.Release|x86.Build.0 = Release|Win32
		{B9709C6E-6D67-4D61-9688-C81F19875FBB}.Debug|x64.ActiveCfg = Debug|x64
		{B9709C6E-6D67-4D61-9688-C81F19875FBB}.Debug|x64.Build.0 = Debug|x64
		{B9709C6E-6D67-4D61-9688-C81F19875FBB}.Debug|x86.ActiveCfg = Debug|Win32
		{B9709C6E-6D67-4D61-9688-C81F19875FBB}.Debug|x86.Build.0 = Debug|Win32
		{B9709C6E-6D67-4D61-9688-C81F19875FBB}.Release|x64.ActiveCfg = Release|x64
		{B9709C6E-6D67-4D61-9688-C81F19875FBB}.Release|x64.Build.0 = Release|x64
		{B9709C6E-6D67-4D61-9688-C81F19875FBB}.Release|x86.ActiveCfg = Release|Win32
		{B9709C6E-6D67-4D61-9688-C81F19875FBB}.Release|x86.Build.0 = Release|Win32
		{4A500640-85EE-4418-9555-6633AA1D98E8}.Debug|x64.ActiveCfg = Debug|x64
		{4A500640-85EE-4418-9555-6633AA1D98E8}.Debug|x64.Build.0 = Debug|x64
		{4A500640-85EE-4418-9555-6633AA1D98E8}.Debug|x86.ActiveCfg = Debug|Win32
		{4A500640-85EE-4418-9555-6633AA1D98E8}.Debug|x86.Build.0 = Debug|Win32
		{4A500640-85EE-4418-9555-6633AA1D98E8}.Release|x64.ActiveCfg = Release|x64
		{4A500640-85EE-4418-9555-6633AA1D98E8}.Release|x64.Build.0 = Release|x64
		{4A500640-85EE-4418-9555-6633AA1D98E8}.Release|x86.ActiveCfg = Release|Win32
		{4A500640-85EE-4418-9555-6633AA1D98E8}.Release|x86.Build.0 = Release|Win32
		{08A1A167-7950-49B8-80C1-95D2A662CD15}.Debug|x64.ActiveCfg = Debug|x64
		{08A1A167-7950-49B8-80C1-95D2A662CD15}.Debug|x64.Build.0 = Debug|x64
		{08A1A167-7950-49B8-80C1-95D2A662CD15}.Debug|x86.ActiveCfg = Debug|Win32
		{08A1A167-7950-49B8-80C1-95D2A662CD15}.Debug|x86.Build.0 = Debug|Win32
		{08A1A167-7950-49B8-80C1-95D2A662CD15}.Release|x64.ActiveCfg = Release|x64
		{08A1A167-7950-49B8-80C1-95D2A662CD15}.Release|x64.Build.0 = Release|x64
		{08A1A167-7950-49B8-80C1-95D2A662CD15}.Release|x86.ActiveCfg = Release|Win32
		{08A1A167-7950-49B8-80C1-95D2A662CD15}.Release|x86.Build.0 = Release|Win32
		{B8C2F932-92C2-4D1B-AC87-3C0ED70112B3}.Debug|x64.ActiveCfg = Debug|x64
		{B8C2F932-92C2-4D1B-AC87-3C0ED70112B3}.Debug|x64.Build.0 = Debug|x64
		{B8C2F932-92C2-4D1B-AC87-3C0ED70112B3}.Debug|x86.ActiveCfg = Debug|Win32
		{B8C2F932-92C2-4D1B-AC87-3C0ED70112B3}.Debug|x86.Build.0 = Debug|Win32
		{B8C2F932-92C2-4D1B-AC87-3C0ED70112B3}.Release|x64.ActiveCfg = Release|x64
		{B8C2F932-92C2-4D1B-AC87-3C0ED70112B3}.Release|x64.Build.0 = Release|x64
		{B8C2F932-92C2-4D1B-AC87-3C0ED70112B3}.Release|x86.ActiveCfg = Release|Win32
		{B8C2F932-92C2-4D1B-AC87-3C0ED70112B3}.Release|x86.Build.0 = Release|Win32
		{303E2C33-72D7-43A6-9F22-17396CC0F6D7}.Debug|x64.ActiveCfg = Debug|x64
		{303E2C33-72D7-43A6-9F22-17396CC0F6D7}.Debug|x64.Build.0 = Debug|x64
		{303E2C33-72D7-43A6-9F22-17396CC0F6D7}.Debug|x86.ActiveCfg = Debug|Win32
		{303E2C33-72D7-43A6-9F22-17396CC0F6D7}.Debug|x86.Build.0 = Debug|Win32
		{303E2C33-72D7-43A6-9F22-17396CC0F6D7}.Release|x64.ActiveCfg = Release|x64
		{303E2C33-72D7-43A6-9F22-17396CC0F6D7}.Release|x64.Build.0 = Release|x64
		{303E2C33-72D7-43A6-9F22-17396CC0F6D7}.Release|x86.ActiveCfg = Release|Win32
		{303E2C33-72D7-43A6-9F22-17396CC0F6D7}.Release|x86.Build.0 = Release|Win32
	EndGlobalSection
	GlobalSection(SolutionProperties) = preSolution
		HideSolutionNode = FALSE
	EndGlobalSection
	GlobalSection(ExtensibilityGlobals) = postSolution
		SolutionGuid = {8F7A2CF5-F707-4F3D-BC1E-031B2B180D0E}
	EndGlobalSection
EndGlobal
