
Microsoft Visual Studio Solution File, Format Version 12.00
# Visual Studio Version 16
VisualStudioVersion = 16.0.28803.352
MinimumVisualStudioVersion = 10.0.40219.1
Project("{8BC9CEB8-8B4A-11D0-8D11-00A0C91BC942}") = "w01", "Project1\Project1.vcxproj", "{11F2D47E-DE1A-4631-BC99-F1E13674BA5E}"
EndProject
Project("{8BC9CEB8-8B4A-11D0-8D11-00A0C91BC942}") = "w02", "w02\w02.vcxproj", "{036683D9-644B-4046-BF3E-DD259B49F88F}"
EndProject
Project("{8BC9CEB8-8B4A-11D0-8D11-00A0C91BC942}") = "w03", "w03\w03.vcxproj", "{570B7B89-7050-462A-A521-42D8DDD44C25}"
EndProject
Project("{8BC9CEB8-8B4A-11D0-8D11-00A0C91BC942}") = "w04", "w04\w04.vcxproj", "{5A73F962-E8B9-497D-8EBA-CBAE4909DDD3}"
EndProject
Project("{8BC9CEB8-8B4A-11D0-8D11-00A0C91BC942}") = "w05", "w05\w05.vcxproj", "{EDA9D503-7A19-4724-B774-FD6434806E08}"
EndProject
Project("{8BC9CEB8-8B4A-11D0-8D11-00A0C91BC942}") = "w06", "w06\w06.vcxproj", "{C2BA5989-4968-4D07-8885-B734C693A05F}"
EndProject
Project("{8BC9CEB8-8B4A-11D0-8D11-00A0C91BC942}") = "w07", "w07\w07.vcxproj", "{A90A424F-C917-4198-8ED7-7A99DF91C907}"
EndProject
Project("{8BC9CEB8-8B4A-11D0-8D11-00A0C91BC942}") = "w08", "w08\w08.vcxproj", "{5A2D02EC-8010-4726-B73F-3A1C6144F76D}"
EndProject
Project("{8BC9CEB8-8B4A-11D0-8D11-00A0C91BC942}") = "w09", "w09\w09.vcxproj", "{E3B33822-4F63-4822-85E2-ABFD25289323}"
EndProject
Project("{8BC9CEB8-8B4A-11D0-8D11-00A0C91BC942}") = "w10", "w10\w10.vcxproj", "{CF76A351-FE12-4B55-8CDD-9917282DCBB0}"
EndProject
Project("{8BC9CEB8-8B4A-11D0-8D11-00A0C91BC942}") = "w11", "w11\w11.vcxproj", "{19E7A733-5E74-4B96-B42D-F13385A18FF6}"
EndProject
Global
	GlobalSection(SolutionConfigurationPlatforms) = preSolution
		Debug|x64 = Debug|x64
		Debug|x86 = Debug|x86
		Release|x64 = Release|x64
		Release|x86 = Release|x86
	EndGlobalSection
	GlobalSection(ProjectConfigurationPlatforms) = postSolution
		{11F2D47E-DE1A-4631-BC99-F1E13674BA5E}.Debug|x64.ActiveCfg = Debug|x64
		{11F2D47E-DE1A-4631-BC99-F1E13674BA5E}.Debug|x64.Build.0 = Debug|x64
		{11F2D47E-DE1A-4631-BC99-F1E13674BA5E}.Debug|x86.ActiveCfg = Debug|Win32
		{11F2D47E-DE1A-4631-BC99-F1E13674BA5E}.Debug|x86.Build.0 = Debug|Win32
		{11F2D47E-DE1A-4631-BC99-F1E13674BA5E}.Release|x64.ActiveCfg = Release|x64
		{11F2D47E-DE1A-4631-BC99-F1E13674BA5E}.Release|x64.Build.0 = Release|x64
		{11F2D47E-DE1A-4631-BC99-F1E13674BA5E}.Release|x86.ActiveCfg = Release|Win32
		{11F2D47E-DE1A-4631-BC99-F1E13674BA5E}.Release|x86.Build.0 = Release|Win32
		{036683D9-644B-4046-BF3E-DD259B49F88F}.Debug|x64.ActiveCfg = Debug|x64
		{036683D9-644B-4046-BF3E-DD259B49F88F}.Debug|x64.Build.0 = Debug|x64
		{036683D9-644B-4046-BF3E-DD259B49F88F}.Debug|x86.ActiveCfg = Debug|Win32
		{036683D9-644B-4046-BF3E-DD259B49F88F}.Debug|x86.Build.0 = Debug|Win32
		{036683D9-644B-4046-BF3E-DD259B49F88F}.Release|x64.ActiveCfg = Release|x64
		{036683D9-644B-4046-BF3E-DD259B49F88F}.Release|x64.Build.0 = Release|x64
		{036683D9-644B-4046-BF3E-DD259B49F88F}.Release|x86.ActiveCfg = Release|Win32
		{036683D9-644B-4046-BF3E-DD259B49F88F}.Release|x86.Build.0 = Release|Win32
		{570B7B89-7050-462A-A521-42D8DDD44C25}.Debug|x64.ActiveCfg = Debug|x64
		{570B7B89-7050-462A-A521-42D8DDD44C25}.Debug|x64.Build.0 = Debug|x64
		{570B7B89-7050-462A-A521-42D8DDD44C25}.Debug|x86.ActiveCfg = Debug|Win32
		{570B7B89-7050-462A-A521-42D8DDD44C25}.Debug|x86.Build.0 = Debug|Win32
		{570B7B89-7050-462A-A521-42D8DDD44C25}.Release|x64.ActiveCfg = Release|x64
		{570B7B89-7050-462A-A521-42D8DDD44C25}.Release|x64.Build.0 = Release|x64
		{570B7B89-7050-462A-A521-42D8DDD44C25}.Release|x86.ActiveCfg = Release|Win32
		{570B7B89-7050-462A-A521-42D8DDD44C25}.Release|x86.Build.0 = Release|Win32
		{5A73F962-E8B9-497D-8EBA-CBAE4909DDD3}.Debug|x64.ActiveCfg = Debug|x64
		{5A73F962-E8B9-497D-8EBA-CBAE4909DDD3}.Debug|x64.Build.0 = Debug|x64
		{5A73F962-E8B9-497D-8EBA-CBAE4909DDD3}.Debug|x86.ActiveCfg = Debug|Win32
		{5A73F962-E8B9-497D-8EBA-CBAE4909DDD3}.Debug|x86.Build.0 = Debug|Win32
		{5A73F962-E8B9-497D-8EBA-CBAE4909DDD3}.Release|x64.ActiveCfg = Release|x64
		{5A73F962-E8B9-497D-8EBA-CBAE4909DDD3}.Release|x64.Build.0 = Release|x64
		{5A73F962-E8B9-497D-8EBA-CBAE4909DDD3}.Release|x86.ActiveCfg = Release|Win32
		{5A73F962-E8B9-497D-8EBA-CBAE4909DDD3}.Release|x86.Build.0 = Release|Win32
		{EDA9D503-7A19-4724-B774-FD6434806E08}.Debug|x64.ActiveCfg = Debug|x64
		{EDA9D503-7A19-4724-B774-FD6434806E08}.Debug|x64.Build.0 = Debug|x64
		{EDA9D503-7A19-4724-B774-FD6434806E08}.Debug|x86.ActiveCfg = Debug|Win32
		{EDA9D503-7A19-4724-B774-FD6434806E08}.Debug|x86.Build.0 = Debug|Win32
		{EDA9D503-7A19-4724-B774-FD6434806E08}.Release|x64.ActiveCfg = Release|x64
		{EDA9D503-7A19-4724-B774-FD6434806E08}.Release|x64.Build.0 = Release|x64
		{EDA9D503-7A19-4724-B774-FD6434806E08}.Release|x86.ActiveCfg = Release|Win32
		{EDA9D503-7A19-4724-B774-FD6434806E08}.Release|x86.Build.0 = Release|Win32
		{C2BA5989-4968-4D07-8885-B734C693A05F}.Debug|x64.ActiveCfg = Debug|x64
		{C2BA5989-4968-4D07-8885-B734C693A05F}.Debug|x64.Build.0 = Debug|x64
		{C2BA5989-4968-4D07-8885-B734C693A05F}.Debug|x86.ActiveCfg = Debug|Win32
		{C2BA5989-4968-4D07-8885-B734C693A05F}.Debug|x86.Build.0 = Debug|Win32
		{C2BA5989-4968-4D07-8885-B734C693A05F}.Release|x64.ActiveCfg = Release|x64
		{C2BA5989-4968-4D07-8885-B734C693A05F}.Release|x64.Build.0 = Release|x64
		{C2BA5989-4968-4D07-8885-B734C693A05F}.Release|x86.ActiveCfg = Release|Win32
		{C2BA5989-4968-4D07-8885-B734C693A05F}.Release|x86.Build.0 = Release|Win32
		{A90A424F-C917-4198-8ED7-7A99DF91C907}.Debug|x64.ActiveCfg = Debug|x64
		{A90A424F-C917-4198-8ED7-7A99DF91C907}.Debug|x64.Build.0 = Debug|x64
		{A90A424F-C917-4198-8ED7-7A99DF91C907}.Debug|x86.ActiveCfg = Debug|Win32
		{A90A424F-C917-4198-8ED7-7A99DF91C907}.Debug|x86.Build.0 = Debug|Win32
		{A90A424F-C917-4198-8ED7-7A99DF91C907}.Release|x64.ActiveCfg = Release|x64
		{A90A424F-C917-4198-8ED7-7A99DF91C907}.Release|x64.Build.0 = Release|x64
		{A90A424F-C917-4198-8ED7-7A99DF91C907}.Release|x86.ActiveCfg = Release|Win32
		{A90A424F-C917-4198-8ED7-7A99DF91C907}.Release|x86.Build.0 = Release|Win32
		{5A2D02EC-8010-4726-B73F-3A1C6144F76D}.Debug|x64.ActiveCfg = Debug|x64
		{5A2D02EC-8010-4726-B73F-3A1C6144F76D}.Debug|x64.Build.0 = Debug|x64
		{5A2D02EC-8010-4726-B73F-3A1C6144F76D}.Debug|x86.ActiveCfg = Debug|Win32
		{5A2D02EC-8010-4726-B73F-3A1C6144F76D}.Debug|x86.Build.0 = Debug|Win32
		{5A2D02EC-8010-4726-B73F-3A1C6144F76D}.Release|x64.ActiveCfg = Release|x64
		{5A2D02EC-8010-4726-B73F-3A1C6144F76D}.Release|x64.Build.0 = Release|x64
		{5A2D02EC-8010-4726-B73F-3A1C6144F76D}.Release|x86.ActiveCfg = Release|Win32
		{5A2D02EC-8010-4726-B73F-3A1C6144F76D}.Release|x86.Build.0 = Release|Win32
		{E3B33822-4F63-4822-85E2-ABFD25289323}.Debug|x64.ActiveCfg = Debug|x64
		{E3B33822-4F63-4822-85E2-ABFD25289323}.Debug|x64.Build.0 = Debug|x64
		{E3B33822-4F63-4822-85E2-ABFD25289323}.Debug|x86.ActiveCfg = Debug|Win32
		{E3B33822-4F63-4822-85E2-ABFD25289323}.Debug|x86.Build.0 = Debug|Win32
		{E3B33822-4F63-4822-85E2-ABFD25289323}.Release|x64.ActiveCfg = Release|x64
		{E3B33822-4F63-4822-85E2-ABFD25289323}.Release|x64.Build.0 = Release|x64
		{E3B33822-4F63-4822-85E2-ABFD25289323}.Release|x86.ActiveCfg = Release|Win32
		{E3B33822-4F63-4822-85E2-ABFD25289323}.Release|x86.Build.0 = Release|Win32
		{CF76A351-FE12-4B55-8CDD-9917282DCBB0}.Debug|x64.ActiveCfg = Debug|x64
		{CF76A351-FE12-4B55-8CDD-9917282DCBB0}.Debug|x64.Build.0 = Debug|x64
		{CF76A351-FE12-4B55-8CDD-9917282DCBB0}.Debug|x86.ActiveCfg = Debug|Win32
		{CF76A351-FE12-4B55-8CDD-9917282DCBB0}.Debug|x86.Build.0 = Debug|Win32
		{CF76A351-FE12-4B55-8CDD-9917282DCBB0}.Release|x64.ActiveCfg = Release|x64
		{CF76A351-FE12-4B55-8CDD-9917282DCBB0}.Release|x64.Build.0 = Release|x64
		{CF76A351-FE12-4B55-8CDD-9917282DCBB0}.Release|x86.ActiveCfg = Release|Win32
		{CF76A351-FE12-4B55-8CDD-9917282DCBB0}.Release|x86.Build.0 = Release|Win32
		{19E7A733-5E74-4B96-B42D-F13385A18FF6}.Debug|x64.ActiveCfg = Debug|x64
		{19E7A733-5E74-4B96-B42D-F13385A18FF6}.Debug|x64.Build.0 = Debug|x64
		{19E7A733-5E74-4B96-B42D-F13385A18FF6}.Debug|x86.ActiveCfg = Debug|Win32
		{19E7A733-5E74-4B96-B42D-F13385A18FF6}.Debug|x86.Build.0 = Debug|Win32
		{19E7A733-5E74-4B96-B42D-F13385A18FF6}.Release|x64.ActiveCfg = Release|x64
		{19E7A733-5E74-4B96-B42D-F13385A18FF6}.Release|x64.Build.0 = Release|x64
		{19E7A733-5E74-4B96-B42D-F13385A18FF6}.Release|x86.ActiveCfg = Release|Win32
		{19E7A733-5E74-4B96-B42D-F13385A18FF6}.Release|x86.Build.0 = Release|Win32
	EndGlobalSection
	GlobalSection(SolutionProperties) = preSolution
		HideSolutionNode = FALSE
	EndGlobalSection
	GlobalSection(ExtensibilityGlobals) = postSolution
		SolutionGuid = {664D446D-A28D-4E16-B030-ADA91D3215D1}
	EndGlobalSection
EndGlobal
