
Microsoft Visual Studio Solution File, Format Version 12.00
# Visual Studio Version 16
VisualStudioVersion = 16.0.28803.352
MinimumVisualStudioVersion = 10.0.40219.1
Project("{8BC9CEB8-8B4A-11D0-8D11-00A0C91BC942}") = "e01", "w09\w09.vcxproj", "{9CE4808D-A6D2-4123-83B2-604FF30609AD}"
EndProject
Project("{8BC9CEB8-8B4A-11D0-8D11-00A0C91BC942}") = "p12", "p12\p12.vcxproj", "{95FD2138-124C-4E8A-91BC-0B2BC31E66AA}"
EndProject
Project("{8BC9CEB8-8B4A-11D0-8D11-00A0C91BC942}") = "w02", "w02\w02.vcxproj", "{525F57F1-B333-43EC-8DAC-A0DDDCA1C290}"
EndProject
Project("{8BC9CEB8-8B4A-11D0-8D11-00A0C91BC942}") = "w03", "w03\w03.vcxproj", "{6E0A0D55-3604-4C61-B136-D78DF9995A2D}"
EndProject
Project("{8BC9CEB8-8B4A-11D0-8D11-00A0C91BC942}") = "w03_1", "w03_1\w03_1.vcxproj", "{9264D2DC-DC38-4956-B0E2-8253B999DC75}"
EndProject
Project("{8BC9CEB8-8B4A-11D0-8D11-00A0C91BC942}") = "w06", "w06\w06.vcxproj", "{94E1DBD3-BEDC-4425-872D-69A274AECB06}"
EndProject
Project("{8BC9CEB8-8B4A-11D0-8D11-00A0C91BC942}") = "w07", "w07\w07.vcxproj", "{C4326EB4-8F2A-44DA-BD29-846F8E0ECF78}"
EndProject
Project("{8BC9CEB8-8B4A-11D0-8D11-00A0C91BC942}") = "w08", "w08\w08.vcxproj", "{F404C3DE-8587-4F06-9B17-D0CC68B8C84A}"
EndProject
Project("{8BC9CEB8-8B4A-11D0-8D11-00A0C91BC942}") = "w091", "w091\w091.vcxproj", "{52636C5B-0F0B-4309-943D-FEC36196A11D}"
EndProject
Global
	GlobalSection(SolutionConfigurationPlatforms) = preSolution
		Debug|x64 = Debug|x64
		Debug|x86 = Debug|x86
		Release|x64 = Release|x64
		Release|x86 = Release|x86
	EndGlobalSection
	GlobalSection(ProjectConfigurationPlatforms) = postSolution
		{9CE4808D-A6D2-4123-83B2-604FF30609AD}.Debug|x64.ActiveCfg = Debug|x64
		{9CE4808D-A6D2-4123-83B2-604FF30609AD}.Debug|x64.Build.0 = Debug|x64
		{9CE4808D-A6D2-4123-83B2-604FF30609AD}.Debug|x86.ActiveCfg = Debug|Win32
		{9CE4808D-A6D2-4123-83B2-604FF30609AD}.Debug|x86.Build.0 = Debug|Win32
		{9CE4808D-A6D2-4123-83B2-604FF30609AD}.Release|x64.ActiveCfg = Release|x64
		{9CE4808D-A6D2-4123-83B2-604FF30609AD}.Release|x64.Build.0 = Release|x64
		{9CE4808D-A6D2-4123-83B2-604FF30609AD}.Release|x86.ActiveCfg = Release|Win32
		{9CE4808D-A6D2-4123-83B2-604FF30609AD}.Release|x86.Build.0 = Release|Win32
		{95FD2138-124C-4E8A-91BC-0B2BC31E66AA}.Debug|x64.ActiveCfg = Debug|x64
		{95FD2138-124C-4E8A-91BC-0B2BC31E66AA}.Debug|x64.Build.0 = Debug|x64
		{95FD2138-124C-4E8A-91BC-0B2BC31E66AA}.Debug|x86.ActiveCfg = Debug|Win32
		{95FD2138-124C-4E8A-91BC-0B2BC31E66AA}.Debug|x86.Build.0 = Debug|Win32
		{95FD2138-124C-4E8A-91BC-0B2BC31E66AA}.Release|x64.ActiveCfg = Release|x64
		{95FD2138-124C-4E8A-91BC-0B2BC31E66AA}.Release|x64.Build.0 = Release|x64
		{95FD2138-124C-4E8A-91BC-0B2BC31E66AA}.Release|x86.ActiveCfg = Release|Win32
		{95FD2138-124C-4E8A-91BC-0B2BC31E66AA}.Release|x86.Build.0 = Release|Win32
		{525F57F1-B333-43EC-8DAC-A0DDDCA1C290}.Debug|x64.ActiveCfg = Debug|x64
		{525F57F1-B333-43EC-8DAC-A0DDDCA1C290}.Debug|x64.Build.0 = Debug|x64
		{525F57F1-B333-43EC-8DAC-A0DDDCA1C290}.Debug|x86.ActiveCfg = Debug|Win32
		{525F57F1-B333-43EC-8DAC-A0DDDCA1C290}.Debug|x86.Build.0 = Debug|Win32
		{525F57F1-B333-43EC-8DAC-A0DDDCA1C290}.Release|x64.ActiveCfg = Release|x64
		{525F57F1-B333-43EC-8DAC-A0DDDCA1C290}.Release|x64.Build.0 = Release|x64
		{525F57F1-B333-43EC-8DAC-A0DDDCA1C290}.Release|x86.ActiveCfg = Release|Win32
		{525F57F1-B333-43EC-8DAC-A0DDDCA1C290}.Release|x86.Build.0 = Release|Win32
		{6E0A0D55-3604-4C61-B136-D78DF9995A2D}.Debug|x64.ActiveCfg = Debug|x64
		{6E0A0D55-3604-4C61-B136-D78DF9995A2D}.Debug|x64.Build.0 = Debug|x64
		{6E0A0D55-3604-4C61-B136-D78DF9995A2D}.Debug|x86.ActiveCfg = Debug|Win32
		{6E0A0D55-3604-4C61-B136-D78DF9995A2D}.Debug|x86.Build.0 = Debug|Win32
		{6E0A0D55-3604-4C61-B136-D78DF9995A2D}.Release|x64.ActiveCfg = Release|x64
		{6E0A0D55-3604-4C61-B136-D78DF9995A2D}.Release|x64.Build.0 = Release|x64
		{6E0A0D55-3604-4C61-B136-D78DF9995A2D}.Release|x86.ActiveCfg = Release|Win32
		{6E0A0D55-3604-4C61-B136-D78DF9995A2D}.Release|x86.Build.0 = Release|Win32
		{9264D2DC-DC38-4956-B0E2-8253B999DC75}.Debug|x64.ActiveCfg = Debug|x64
		{9264D2DC-DC38-4956-B0E2-8253B999DC75}.Debug|x64.Build.0 = Debug|x64
		{9264D2DC-DC38-4956-B0E2-8253B999DC75}.Debug|x86.ActiveCfg = Debug|Win32
		{9264D2DC-DC38-4956-B0E2-8253B999DC75}.Debug|x86.Build.0 = Debug|Win32
		{9264D2DC-DC38-4956-B0E2-8253B999DC75}.Release|x64.ActiveCfg = Release|x64
		{9264D2DC-DC38-4956-B0E2-8253B999DC75}.Release|x64.Build.0 = Release|x64
		{9264D2DC-DC38-4956-B0E2-8253B999DC75}.Release|x86.ActiveCfg = Release|Win32
		{9264D2DC-DC38-4956-B0E2-8253B999DC75}.Release|x86.Build.0 = Release|Win32
		{94E1DBD3-BEDC-4425-872D-69A274AECB06}.Debug|x64.ActiveCfg = Debug|x64
		{94E1DBD3-BEDC-4425-872D-69A274AECB06}.Debug|x64.Build.0 = Debug|x64
		{94E1DBD3-BEDC-4425-872D-69A274AECB06}.Debug|x86.ActiveCfg = Debug|Win32
		{94E1DBD3-BEDC-4425-872D-69A274AECB06}.Debug|x86.Build.0 = Debug|Win32
		{94E1DBD3-BEDC-4425-872D-69A274AECB06}.Release|x64.ActiveCfg = Release|x64
		{94E1DBD3-BEDC-4425-872D-69A274AECB06}.Release|x64.Build.0 = Release|x64
		{94E1DBD3-BEDC-4425-872D-69A274AECB06}.Release|x86.ActiveCfg = Release|Win32
		{94E1DBD3-BEDC-4425-872D-69A274AECB06}.Release|x86.Build.0 = Release|Win32
		{C4326EB4-8F2A-44DA-BD29-846F8E0ECF78}.Debug|x64.ActiveCfg = Debug|x64
		{C4326EB4-8F2A-44DA-BD29-846F8E0ECF78}.Debug|x64.Build.0 = Debug|x64
		{C4326EB4-8F2A-44DA-BD29-846F8E0ECF78}.Debug|x86.ActiveCfg = Debug|Win32
		{C4326EB4-8F2A-44DA-BD29-846F8E0ECF78}.Debug|x86.Build.0 = Debug|Win32
		{C4326EB4-8F2A-44DA-BD29-846F8E0ECF78}.Release|x64.ActiveCfg = Release|x64
		{C4326EB4-8F2A-44DA-BD29-846F8E0ECF78}.Release|x64.Build.0 = Release|x64
		{C4326EB4-8F2A-44DA-BD29-846F8E0ECF78}.Release|x86.ActiveCfg = Release|Win32
		{C4326EB4-8F2A-44DA-BD29-846F8E0ECF78}.Release|x86.Build.0 = Release|Win32
		{F404C3DE-8587-4F06-9B17-D0CC68B8C84A}.Debug|x64.ActiveCfg = Debug|x64
		{F404C3DE-8587-4F06-9B17-D0CC68B8C84A}.Debug|x64.Build.0 = Debug|x64
		{F404C3DE-8587-4F06-9B17-D0CC68B8C84A}.Debug|x86.ActiveCfg = Debug|Win32
		{F404C3DE-8587-4F06-9B17-D0CC68B8C84A}.Debug|x86.Build.0 = Debug|Win32
		{F404C3DE-8587-4F06-9B17-D0CC68B8C84A}.Release|x64.ActiveCfg = Release|x64
		{F404C3DE-8587-4F06-9B17-D0CC68B8C84A}.Release|x64.Build.0 = Release|x64
		{F404C3DE-8587-4F06-9B17-D0CC68B8C84A}.Release|x86.ActiveCfg = Release|Win32
		{F404C3DE-8587-4F06-9B17-D0CC68B8C84A}.Release|x86.Build.0 = Release|Win32
		{52636C5B-0F0B-4309-943D-FEC36196A11D}.Debug|x64.ActiveCfg = Debug|x64
		{52636C5B-0F0B-4309-943D-FEC36196A11D}.Debug|x64.Build.0 = Debug|x64
		{52636C5B-0F0B-4309-943D-FEC36196A11D}.Debug|x86.ActiveCfg = Debug|Win32
		{52636C5B-0F0B-4309-943D-FEC36196A11D}.Debug|x86.Build.0 = Debug|Win32
		{52636C5B-0F0B-4309-943D-FEC36196A11D}.Release|x64.ActiveCfg = Release|x64
		{52636C5B-0F0B-4309-943D-FEC36196A11D}.Release|x64.Build.0 = Release|x64
		{52636C5B-0F0B-4309-943D-FEC36196A11D}.Release|x86.ActiveCfg = Release|Win32
		{52636C5B-0F0B-4309-943D-FEC36196A11D}.Release|x86.Build.0 = Release|Win32
	EndGlobalSection
	GlobalSection(SolutionProperties) = preSolution
		HideSolutionNode = FALSE
	EndGlobalSection
	GlobalSection(ExtensibilityGlobals) = postSolution
		SolutionGuid = {D4CD2C2E-FBCB-42C7-BE2B-A7621C604EE5}
	EndGlobalSection
EndGlobal
