
Microsoft Visual Studio Solution File, Format Version 12.00
# Visual Studio Version 16
VisualStudioVersion = 16.0.28803.352
MinimumVisualStudioVersion = 10.0.40219.1
Project("{8BC9CEB8-8B4A-11D0-8D11-00A0C91BC942}") = "w04", "w04\w04.vcxproj", "{7DBA4484-597B-4AE9-89CF-FBA6A83B9519}"
EndProject
Project("{8BC9CEB8-8B4A-11D0-8D11-00A0C91BC942}") = "p04", "p04\p04.vcxproj", "{28832ACA-D5B8-40C2-8794-991388331386}"
EndProject
Project("{8BC9CEB8-8B4A-11D0-8D11-00A0C91BC942}") = "p06", "p06\p06.vcxproj", "{3FE99CDB-8964-4314-92A2-9A1B0472001E}"
EndProject
Project("{8BC9CEB8-8B4A-11D0-8D11-00A0C91BC942}") = "p09", "p09\p09.vcxproj", "{A76776DC-BED7-4FAF-B01A-54523F9B4A42}"
EndProject
Project("{8BC9CEB8-8B4A-11D0-8D11-00A0C91BC942}") = "p10", "p10\p10.vcxproj", "{1EA897A3-6C55-4498-A61D-9F8A8F17C66F}"
EndProject
Project("{8BC9CEB8-8B4A-11D0-8D11-00A0C91BC942}") = "w06", "w06\w06.vcxproj", "{91074EB8-57EE-4CB3-84B5-6DF9A570D4A1}"
EndProject
Project("{8BC9CEB8-8B4A-11D0-8D11-00A0C91BC942}") = "w08", "w08\w08.vcxproj", "{0BE40AE3-0421-4BE5-B8CC-34B52A8F605C}"
EndProject
Project("{8BC9CEB8-8B4A-11D0-8D11-00A0C91BC942}") = "w09", "w09\w09.vcxproj", "{584264C5-EBB1-4100-910A-E86680ADCF2D}"
EndProject
Global
	GlobalSection(SolutionConfigurationPlatforms) = preSolution
		Debug|x64 = Debug|x64
		Debug|x86 = Debug|x86
		Release|x64 = Release|x64
		Release|x86 = Release|x86
	EndGlobalSection
	GlobalSection(ProjectConfigurationPlatforms) = postSolution
		{7DBA4484-597B-4AE9-89CF-FBA6A83B9519}.Debug|x64.ActiveCfg = Debug|x64
		{7DBA4484-597B-4AE9-89CF-FBA6A83B9519}.Debug|x64.Build.0 = Debug|x64
		{7DBA4484-597B-4AE9-89CF-FBA6A83B9519}.Debug|x86.ActiveCfg = Debug|Win32
		{7DBA4484-597B-4AE9-89CF-FBA6A83B9519}.Debug|x86.Build.0 = Debug|Win32
		{7DBA4484-597B-4AE9-89CF-FBA6A83B9519}.Release|x64.ActiveCfg = Release|x64
		{7DBA4484-597B-4AE9-89CF-FBA6A83B9519}.Release|x64.Build.0 = Release|x64
		{7DBA4484-597B-4AE9-89CF-FBA6A83B9519}.Release|x86.ActiveCfg = Release|Win32
		{7DBA4484-597B-4AE9-89CF-FBA6A83B9519}.Release|x86.Build.0 = Release|Win32
		{28832ACA-D5B8-40C2-8794-991388331386}.Debug|x64.ActiveCfg = Debug|x64
		{28832ACA-D5B8-40C2-8794-991388331386}.Debug|x64.Build.0 = Debug|x64
		{28832ACA-D5B8-40C2-8794-991388331386}.Debug|x86.ActiveCfg = Debug|Win32
		{28832ACA-D5B8-40C2-8794-991388331386}.Debug|x86.Build.0 = Debug|Win32
		{28832ACA-D5B8-40C2-8794-991388331386}.Release|x64.ActiveCfg = Release|x64
		{28832ACA-D5B8-40C2-8794-991388331386}.Release|x64.Build.0 = Release|x64
		{28832ACA-D5B8-40C2-8794-991388331386}.Release|x86.ActiveCfg = Release|Win32
		{28832ACA-D5B8-40C2-8794-991388331386}.Release|x86.Build.0 = Release|Win32
		{3FE99CDB-8964-4314-92A2-9A1B0472001E}.Debug|x64.ActiveCfg = Debug|x64
		{3FE99CDB-8964-4314-92A2-9A1B0472001E}.Debug|x64.Build.0 = Debug|x64
		{3FE99CDB-8964-4314-92A2-9A1B0472001E}.Debug|x86.ActiveCfg = Debug|Win32
		{3FE99CDB-8964-4314-92A2-9A1B0472001E}.Debug|x86.Build.0 = Debug|Win32
		{3FE99CDB-8964-4314-92A2-9A1B0472001E}.Release|x64.ActiveCfg = Release|x64
		{3FE99CDB-8964-4314-92A2-9A1B0472001E}.Release|x64.Build.0 = Release|x64
		{3FE99CDB-8964-4314-92A2-9A1B0472001E}.Release|x86.ActiveCfg = Release|Win32
		{3FE99CDB-8964-4314-92A2-9A1B0472001E}.Release|x86.Build.0 = Release|Win32
		{A76776DC-BED7-4FAF-B01A-54523F9B4A42}.Debug|x64.ActiveCfg = Debug|x64
		{A76776DC-BED7-4FAF-B01A-54523F9B4A42}.Debug|x64.Build.0 = Debug|x64
		{A76776DC-BED7-4FAF-B01A-54523F9B4A42}.Debug|x86.ActiveCfg = Debug|Win32
		{A76776DC-BED7-4FAF-B01A-54523F9B4A42}.Debug|x86.Build.0 = Debug|Win32
		{A76776DC-BED7-4FAF-B01A-54523F9B4A42}.Release|x64.ActiveCfg = Release|x64
		{A76776DC-BED7-4FAF-B01A-54523F9B4A42}.Release|x64.Build.0 = Release|x64
		{A76776DC-BED7-4FAF-B01A-54523F9B4A42}.Release|x86.ActiveCfg = Release|Win32
		{A76776DC-BED7-4FAF-B01A-54523F9B4A42}.Release|x86.Build.0 = Release|Win32
		{1EA897A3-6C55-4498-A61D-9F8A8F17C66F}.Debug|x64.ActiveCfg = Debug|x64
		{1EA897A3-6C55-4498-A61D-9F8A8F17C66F}.Debug|x64.Build.0 = Debug|x64
		{1EA897A3-6C55-4498-A61D-9F8A8F17C66F}.Debug|x86.ActiveCfg = Debug|Win32
		{1EA897A3-6C55-4498-A61D-9F8A8F17C66F}.Debug|x86.Build.0 = Debug|Win32
		{1EA897A3-6C55-4498-A61D-9F8A8F17C66F}.Release|x64.ActiveCfg = Release|x64
		{1EA897A3-6C55-4498-A61D-9F8A8F17C66F}.Release|x64.Build.0 = Release|x64
		{1EA897A3-6C55-4498-A61D-9F8A8F17C66F}.Release|x86.ActiveCfg = Release|Win32
		{1EA897A3-6C55-4498-A61D-9F8A8F17C66F}.Release|x86.Build.0 = Release|Win32
		{91074EB8-57EE-4CB3-84B5-6DF9A570D4A1}.Debug|x64.ActiveCfg = Debug|x64
		{91074EB8-57EE-4CB3-84B5-6DF9A570D4A1}.Debug|x64.Build.0 = Debug|x64
		{91074EB8-57EE-4CB3-84B5-6DF9A570D4A1}.Debug|x86.ActiveCfg = Debug|Win32
		{91074EB8-57EE-4CB3-84B5-6DF9A570D4A1}.Debug|x86.Build.0 = Debug|Win32
		{91074EB8-57EE-4CB3-84B5-6DF9A570D4A1}.Release|x64.ActiveCfg = Release|x64
		{91074EB8-57EE-4CB3-84B5-6DF9A570D4A1}.Release|x64.Build.0 = Release|x64
		{91074EB8-57EE-4CB3-84B5-6DF9A570D4A1}.Release|x86.ActiveCfg = Release|Win32
		{91074EB8-57EE-4CB3-84B5-6DF9A570D4A1}.Release|x86.Build.0 = Release|Win32
		{0BE40AE3-0421-4BE5-B8CC-34B52A8F605C}.Debug|x64.ActiveCfg = Debug|x64
		{0BE40AE3-0421-4BE5-B8CC-34B52A8F605C}.Debug|x64.Build.0 = Debug|x64
		{0BE40AE3-0421-4BE5-B8CC-34B52A8F605C}.Debug|x86.ActiveCfg = Debug|Win32
		{0BE40AE3-0421-4BE5-B8CC-34B52A8F605C}.Debug|x86.Build.0 = Debug|Win32
		{0BE40AE3-0421-4BE5-B8CC-34B52A8F605C}.Release|x64.ActiveCfg = Release|x64
		{0BE40AE3-0421-4BE5-B8CC-34B52A8F605C}.Release|x64.Build.0 = Release|x64
		{0BE40AE3-0421-4BE5-B8CC-34B52A8F605C}.Release|x86.ActiveCfg = Release|Win32
		{0BE40AE3-0421-4BE5-B8CC-34B52A8F605C}.Release|x86.Build.0 = Release|Win32
		{584264C5-EBB1-4100-910A-E86680ADCF2D}.Debug|x64.ActiveCfg = Debug|x64
		{584264C5-EBB1-4100-910A-E86680ADCF2D}.Debug|x64.Build.0 = Debug|x64
		{584264C5-EBB1-4100-910A-E86680ADCF2D}.Debug|x86.ActiveCfg = Debug|Win32
		{584264C5-EBB1-4100-910A-E86680ADCF2D}.Debug|x86.Build.0 = Debug|Win32
		{584264C5-EBB1-4100-910A-E86680ADCF2D}.Release|x64.ActiveCfg = Release|x64
		{584264C5-EBB1-4100-910A-E86680ADCF2D}.Release|x64.Build.0 = Release|x64
		{584264C5-EBB1-4100-910A-E86680ADCF2D}.Release|x86.ActiveCfg = Release|Win32
		{584264C5-EBB1-4100-910A-E86680ADCF2D}.Release|x86.Build.0 = Release|Win32
	EndGlobalSection
	GlobalSection(SolutionProperties) = preSolution
		HideSolutionNode = FALSE
	EndGlobalSection
	GlobalSection(ExtensibilityGlobals) = postSolution
		SolutionGuid = {BD443100-4CEE-449C-B87C-0234160948C2}
	EndGlobalSection
EndGlobal
