
Microsoft Visual Studio Solution File, Format Version 12.00
# Visual Studio Version 16
VisualStudioVersion = 16.0.28803.352
MinimumVisualStudioVersion = 10.0.40219.1
Project("{8BC9CEB8-8B4A-11D0-8D11-00A0C91BC942}") = "p05", "p05\p05.vcxproj", "{6BBE8A1E-57C9-4BB4-AE08-4323DDDE2A48}"
EndProject
Project("{8BC9CEB8-8B4A-11D0-8D11-00A0C91BC942}") = "p06", "p06\p06.vcxproj", "{BA439E92-F8BB-4827-939B-22CF8CD625C0}"
EndProject
Project("{8BC9CEB8-8B4A-11D0-8D11-00A0C91BC942}") = "p07", "p07\p07.vcxproj", "{8D57A5B7-FCF9-4245-82B0-4CF7CADC3741}"
EndProject
Project("{8BC9CEB8-8B4A-11D0-8D11-00A0C91BC942}") = "w01", "w01\w01.vcxproj", "{FFAA391E-6502-4954-992D-19E699162A44}"
EndProject
Project("{8BC9CEB8-8B4A-11D0-8D11-00A0C91BC942}") = "w04", "w04\w04.vcxproj", "{B0954D7B-8D86-456D-9C9A-3CFAB918509A}"
EndProject
Project("{8BC9CEB8-8B4A-11D0-8D11-00A0C91BC942}") = "w01_2", "w01_2\w01_2.vcxproj", "{4C3DBC4C-096E-48DB-B49C-86D2C3C919D3}"
EndProject
Project("{8BC9CEB8-8B4A-11D0-8D11-00A0C91BC942}") = "p09", "p09\p09.vcxproj", "{6F7E9C1A-2C01-4B0A-8F28-DFCA5941F695}"
EndProject
Project("{8BC9CEB8-8B4A-11D0-8D11-00A0C91BC942}") = "w07", "w07\w07.vcxproj", "{BA1B1DF9-1110-4803-80B6-710D23062DF7}"
EndProject
Project("{8BC9CEB8-8B4A-11D0-8D11-00A0C91BC942}") = "w10", "w10\w10.vcxproj", "{745CCB48-1659-4F5D-9A00-25D3FF5B37F0}"
EndProject
Project("{8BC9CEB8-8B4A-11D0-8D11-00A0C91BC942}") = "w07_2", "w07_2\w07_2.vcxproj", "{E60027B9-D337-445B-AD61-6A8F73E11250}"
EndProject
Project("{8BC9CEB8-8B4A-11D0-8D11-00A0C91BC942}") = "w11", "w11\w11.vcxproj", "{232DEFEC-97FE-495A-A4CD-B4F3DD6FF649}"
EndProject
Project("{8BC9CEB8-8B4A-11D0-8D11-00A0C91BC942}") = "w12", "w12\w12.vcxproj", "{634CC475-9B12-499D-8B1C-0C2245C41845}"
EndProject
Global
	GlobalSection(SolutionConfigurationPlatforms) = preSolution
		Debug|x64 = Debug|x64
		Debug|x86 = Debug|x86
		Release|x64 = Release|x64
		Release|x86 = Release|x86
	EndGlobalSection
	GlobalSection(ProjectConfigurationPlatforms) = postSolution
		{6BBE8A1E-57C9-4BB4-AE08-4323DDDE2A48}.Debug|x64.ActiveCfg = Debug|x64
		{6BBE8A1E-57C9-4BB4-AE08-4323DDDE2A48}.Debug|x64.Build.0 = Debug|x64
		{6BBE8A1E-57C9-4BB4-AE08-4323DDDE2A48}.Debug|x86.ActiveCfg = Debug|Win32
		{6BBE8A1E-57C9-4BB4-AE08-4323DDDE2A48}.Debug|x86.Build.0 = Debug|Win32
		{6BBE8A1E-57C9-4BB4-AE08-4323DDDE2A48}.Release|x64.ActiveCfg = Release|x64
		{6BBE8A1E-57C9-4BB4-AE08-4323DDDE2A48}.Release|x64.Build.0 = Release|x64
		{6BBE8A1E-57C9-4BB4-AE08-4323DDDE2A48}.Release|x86.ActiveCfg = Release|Win32
		{6BBE8A1E-57C9-4BB4-AE08-4323DDDE2A48}.Release|x86.Build.0 = Release|Win32
		{BA439E92-F8BB-4827-939B-22CF8CD625C0}.Debug|x64.ActiveCfg = Debug|x64
		{BA439E92-F8BB-4827-939B-22CF8CD625C0}.Debug|x64.Build.0 = Debug|x64
		{BA439E92-F8BB-4827-939B-22CF8CD625C0}.Debug|x86.ActiveCfg = Debug|Win32
		{BA439E92-F8BB-4827-939B-22CF8CD625C0}.Debug|x86.Build.0 = Debug|Win32
		{BA439E92-F8BB-4827-939B-22CF8CD625C0}.Release|x64.ActiveCfg = Release|x64
		{BA439E92-F8BB-4827-939B-22CF8CD625C0}.Release|x64.Build.0 = Release|x64
		{BA439E92-F8BB-4827-939B-22CF8CD625C0}.Release|x86.ActiveCfg = Release|Win32
		{BA439E92-F8BB-4827-939B-22CF8CD625C0}.Release|x86.Build.0 = Release|Win32
		{8D57A5B7-FCF9-4245-82B0-4CF7CADC3741}.Debug|x64.ActiveCfg = Debug|x64
		{8D57A5B7-FCF9-4245-82B0-4CF7CADC3741}.Debug|x64.Build.0 = Debug|x64
		{8D57A5B7-FCF9-4245-82B0-4CF7CADC3741}.Debug|x86.ActiveCfg = Debug|Win32
		{8D57A5B7-FCF9-4245-82B0-4CF7CADC3741}.Debug|x86.Build.0 = Debug|Win32
		{8D57A5B7-FCF9-4245-82B0-4CF7CADC3741}.Release|x64.ActiveCfg = Release|x64
		{8D57A5B7-FCF9-4245-82B0-4CF7CADC3741}.Release|x64.Build.0 = Release|x64
		{8D57A5B7-FCF9-4245-82B0-4CF7CADC3741}.Release|x86.ActiveCfg = Release|Win32
		{8D57A5B7-FCF9-4245-82B0-4CF7CADC3741}.Release|x86.Build.0 = Release|Win32
		{FFAA391E-6502-4954-992D-19E699162A44}.Debug|x64.ActiveCfg = Debug|x64
		{FFAA391E-6502-4954-992D-19E699162A44}.Debug|x64.Build.0 = Debug|x64
		{FFAA391E-6502-4954-992D-19E699162A44}.Debug|x86.ActiveCfg = Debug|Win32
		{FFAA391E-6502-4954-992D-19E699162A44}.Debug|x86.Build.0 = Debug|Win32
		{FFAA391E-6502-4954-992D-19E699162A44}.Release|x64.ActiveCfg = Release|x64
		{FFAA391E-6502-4954-992D-19E699162A44}.Release|x64.Build.0 = Release|x64
		{FFAA391E-6502-4954-992D-19E699162A44}.Release|x86.ActiveCfg = Release|Win32
		{FFAA391E-6502-4954-992D-19E699162A44}.Release|x86.Build.0 = Release|Win32
		{B0954D7B-8D86-456D-9C9A-3CFAB918509A}.Debug|x64.ActiveCfg = Debug|x64
		{B0954D7B-8D86-456D-9C9A-3CFAB918509A}.Debug|x64.Build.0 = Debug|x64
		{B0954D7B-8D86-456D-9C9A-3CFAB918509A}.Debug|x86.ActiveCfg = Debug|Win32
		{B0954D7B-8D86-456D-9C9A-3CFAB918509A}.Debug|x86.Build.0 = Debug|Win32
		{B0954D7B-8D86-456D-9C9A-3CFAB918509A}.Release|x64.ActiveCfg = Release|x64
		{B0954D7B-8D86-456D-9C9A-3CFAB918509A}.Release|x64.Build.0 = Release|x64
		{B0954D7B-8D86-456D-9C9A-3CFAB918509A}.Release|x86.ActiveCfg = Release|Win32
		{B0954D7B-8D86-456D-9C9A-3CFAB918509A}.Release|x86.Build.0 = Release|Win32
		{4C3DBC4C-096E-48DB-B49C-86D2C3C919D3}.Debug|x64.ActiveCfg = Debug|x64
		{4C3DBC4C-096E-48DB-B49C-86D2C3C919D3}.Debug|x64.Build.0 = Debug|x64
		{4C3DBC4C-096E-48DB-B49C-86D2C3C919D3}.Debug|x86.ActiveCfg = Debug|Win32
		{4C3DBC4C-096E-48DB-B49C-86D2C3C919D3}.Debug|x86.Build.0 = Debug|Win32
		{4C3DBC4C-096E-48DB-B49C-86D2C3C919D3}.Release|x64.ActiveCfg = Release|x64
		{4C3DBC4C-096E-48DB-B49C-86D2C3C919D3}.Release|x64.Build.0 = Release|x64
		{4C3DBC4C-096E-48DB-B49C-86D2C3C919D3}.Release|x86.ActiveCfg = Release|Win32
		{4C3DBC4C-096E-48DB-B49C-86D2C3C919D3}.Release|x86.Build.0 = Release|Win32
		{6F7E9C1A-2C01-4B0A-8F28-DFCA5941F695}.Debug|x64.ActiveCfg = Debug|x64
		{6F7E9C1A-2C01-4B0A-8F28-DFCA5941F695}.Debug|x64.Build.0 = Debug|x64
		{6F7E9C1A-2C01-4B0A-8F28-DFCA5941F695}.Debug|x86.ActiveCfg = Debug|Win32
		{6F7E9C1A-2C01-4B0A-8F28-DFCA5941F695}.Debug|x86.Build.0 = Debug|Win32
		{6F7E9C1A-2C01-4B0A-8F28-DFCA5941F695}.Release|x64.ActiveCfg = Release|x64
		{6F7E9C1A-2C01-4B0A-8F28-DFCA5941F695}.Release|x64.Build.0 = Release|x64
		{6F7E9C1A-2C01-4B0A-8F28-DFCA5941F695}.Release|x86.ActiveCfg = Release|Win32
		{6F7E9C1A-2C01-4B0A-8F28-DFCA5941F695}.Release|x86.Build.0 = Release|Win32
		{BA1B1DF9-1110-4803-80B6-710D23062DF7}.Debug|x64.ActiveCfg = Debug|x64
		{BA1B1DF9-1110-4803-80B6-710D23062DF7}.Debug|x64.Build.0 = Debug|x64
		{BA1B1DF9-1110-4803-80B6-710D23062DF7}.Debug|x86.ActiveCfg = Debug|Win32
		{BA1B1DF9-1110-4803-80B6-710D23062DF7}.Debug|x86.Build.0 = Debug|Win32
		{BA1B1DF9-1110-4803-80B6-710D23062DF7}.Release|x64.ActiveCfg = Release|x64
		{BA1B1DF9-1110-4803-80B6-710D23062DF7}.Release|x64.Build.0 = Release|x64
		{BA1B1DF9-1110-4803-80B6-710D23062DF7}.Release|x86.ActiveCfg = Release|Win32
		{BA1B1DF9-1110-4803-80B6-710D23062DF7}.Release|x86.Build.0 = Release|Win32
		{745CCB48-1659-4F5D-9A00-25D3FF5B37F0}.Debug|x64.ActiveCfg = Debug|x64
		{745CCB48-1659-4F5D-9A00-25D3FF5B37F0}.Debug|x64.Build.0 = Debug|x64
		{745CCB48-1659-4F5D-9A00-25D3FF5B37F0}.Debug|x86.ActiveCfg = Debug|Win32
		{745CCB48-1659-4F5D-9A00-25D3FF5B37F0}.Debug|x86.Build.0 = Debug|Win32
		{745CCB48-1659-4F5D-9A00-25D3FF5B37F0}.Release|x64.ActiveCfg = Release|x64
		{745CCB48-1659-4F5D-9A00-25D3FF5B37F0}.Release|x64.Build.0 = Release|x64
		{745CCB48-1659-4F5D-9A00-25D3FF5B37F0}.Release|x86.ActiveCfg = Release|Win32
		{745CCB48-1659-4F5D-9A00-25D3FF5B37F0}.Release|x86.Build.0 = Release|Win32
		{E60027B9-D337-445B-AD61-6A8F73E11250}.Debug|x64.ActiveCfg = Debug|x64
		{E60027B9-D337-445B-AD61-6A8F73E11250}.Debug|x64.Build.0 = Debug|x64
		{E60027B9-D337-445B-AD61-6A8F73E11250}.Debug|x86.ActiveCfg = Debug|Win32
		{E60027B9-D337-445B-AD61-6A8F73E11250}.Debug|x86.Build.0 = Debug|Win32
		{E60027B9-D337-445B-AD61-6A8F73E11250}.Release|x64.ActiveCfg = Release|x64
		{E60027B9-D337-445B-AD61-6A8F73E11250}.Release|x64.Build.0 = Release|x64
		{E60027B9-D337-445B-AD61-6A8F73E11250}.Release|x86.ActiveCfg = Release|Win32
		{E60027B9-D337-445B-AD61-6A8F73E11250}.Release|x86.Build.0 = Release|Win32
		{232DEFEC-97FE-495A-A4CD-B4F3DD6FF649}.Debug|x64.ActiveCfg = Debug|x64
		{232DEFEC-97FE-495A-A4CD-B4F3DD6FF649}.Debug|x64.Build.0 = Debug|x64
		{232DEFEC-97FE-495A-A4CD-B4F3DD6FF649}.Debug|x86.ActiveCfg = Debug|Win32
		{232DEFEC-97FE-495A-A4CD-B4F3DD6FF649}.Debug|x86.Build.0 = Debug|Win32
		{232DEFEC-97FE-495A-A4CD-B4F3DD6FF649}.Release|x64.ActiveCfg = Release|x64
		{232DEFEC-97FE-495A-A4CD-B4F3DD6FF649}.Release|x64.Build.0 = Release|x64
		{232DEFEC-97FE-495A-A4CD-B4F3DD6FF649}.Release|x86.ActiveCfg = Release|Win32
		{232DEFEC-97FE-495A-A4CD-B4F3DD6FF649}.Release|x86.Build.0 = Release|Win32
		{634CC475-9B12-499D-8B1C-0C2245C41845}.Debug|x64.ActiveCfg = Debug|x64
		{634CC475-9B12-499D-8B1C-0C2245C41845}.Debug|x64.Build.0 = Debug|x64
		{634CC475-9B12-499D-8B1C-0C2245C41845}.Debug|x86.ActiveCfg = Debug|Win32
		{634CC475-9B12-499D-8B1C-0C2245C41845}.Debug|x86.Build.0 = Debug|Win32
		{634CC475-9B12-499D-8B1C-0C2245C41845}.Release|x64.ActiveCfg = Release|x64
		{634CC475-9B12-499D-8B1C-0C2245C41845}.Release|x64.Build.0 = Release|x64
		{634CC475-9B12-499D-8B1C-0C2245C41845}.Release|x86.ActiveCfg = Release|Win32
		{634CC475-9B12-499D-8B1C-0C2245C41845}.Release|x86.Build.0 = Release|Win32
	EndGlobalSection
	GlobalSection(SolutionProperties) = preSolution
		HideSolutionNode = FALSE
	EndGlobalSection
	GlobalSection(ExtensibilityGlobals) = postSolution
		SolutionGuid = {ECD7E3B6-6475-497B-9D83-56FF6F1E590D}
	EndGlobalSection
EndGlobal
